<?xml version="1.0" encoding="utf-8"?>
<Project ToolsVersion="4.0" xmlns="http://schemas.microsoft.com/developer/msbuild/2003">
  <ItemGroup>
    <Filter Include="framework">
      <UniqueIdentifier>{f454cdf8-c170-4f7e-b79d-b5e39780d797}</UniqueIdentifier>
    </Filter>
    <Filter Include="external">
      <UniqueIdentifier>{b14a457c-46a6-4c88-b9af-8c33029d7472}</UniqueIdentifier>
    </Filter>
    <Filter Include="external\ImGui">
      <UniqueIdentifier>{ba7c74dc-b8b1-42f3-a93a-d6f6188a0ad8}</UniqueIdentifier>
    </Filter>
    <Filter Include="external\minimp3">
      <UniqueIdentifier>{5e1609f0-fd7c-4c1d-ace0-66b34e6ff0cb}</UniqueIdentifier>
    </Filter>
    <Filter Include="external\stb_vorbis">
      <UniqueIdentifier>{f11b95fa-820e-4452-b6f0-536752e13aeb}</UniqueIdentifier>
    </Filter>
    <Filter Include="hlsl">
      <UniqueIdentifier>{c7503895-1a9b-44b4-8d3c-e0083d02ad87}</UniqueIdentifier>
    </Filter>
    <Filter Include="objects">
      <UniqueIdentifier>{bf9691fd-5231-4f52-8b33-63030b760fe4}</UniqueIdentifier>
    </Filter>
    <Filter Include="scenes">
      <UniqueIdentifier>{80076b80-92b7-4ff3-a230-aab91c5eb647}</UniqueIdentifier>
    </Filter>
    <Filter Include="setting">
      <UniqueIdentifier>{4d3b8093-57d3-4638-b30f-f4e9f130a52a}</UniqueIdentifier>
    </Filter>
  </ItemGroup>
  <ItemGroup>
    <ClCompile Include="src\framework\UIRenderer.cpp">
      <Filter>framework</Filter>
    </ClCompile>
    <ClCompile Include="src\framework\UIStyle.cpp">
      <Filter>framework</Filter>
    </ClCompile>
    <ClCompile Include="src\framework\Utility.cpp">
      <Filter>framework</Filter>
    </ClCompile>
    <ClCompile Include="src\framework\WICTextureLoader11.cpp">
      <Filter>framework</Filter>
    </ClCompile>
    <ClCompile Include="src\framework\Animation.cpp">
      <Filter>framework</Filter>
    </ClCompile>
    <ClCompile Include="src\framework\AnimationManager.cpp">
      <Filter>framework</Filter>
    </ClCompile>
    <ClCompile Include="src\framework\Animator.cpp">
      <Filter>framework</Filter>
    </ClCompile>
    <ClCompile Include="src\framework\Application.cpp">
      <Filter>framework</Filter>
    </ClCompile>
    <ClCompile Include="src\framework\AppLoop.cpp">
      <Filter>framework</Filter>
    </ClCompile>
    <ClCompile Include="src\framework\AudioManager.cpp">
      <Filter>framework</Filter>
    </ClCompile>
    <ClCompile Include="src\framework\AudioPlayer.cpp">
      <Filter>framework</Filter>
    </ClCompile>
    <ClCompile Include="src\framework\BezierCurve.cpp">
      <Filter>framework</Filter>
    </ClCompile>
    <ClCompile Include="src\framework\BillboardRenderer.cpp">
      <Filter>framework</Filter>
    </ClCompile>
    <ClCompile Include="src\framework\BoneTransform.cpp">
      <Filter>framework</Filter>
    </ClCompile>
    <ClCompile Include="src\framework\BufferManager.cpp">
      <Filter>framework</Filter>
    </ClCompile>
    <ClCompile Include="src\framework\Camera.cpp">
      <Filter>framework</Filter>
    </ClCompile>
    <ClCompile Include="src\framework\DeviceManager.cpp">
      <Filter>framework</Filter>
    </ClCompile>
    <ClCompile Include="src\framework\Easing.cpp">
      <Filter>framework</Filter>
    </ClCompile>
    <ClCompile Include="src\framework\FontManager.cpp">
      <Filter>framework</Filter>
    </ClCompile>
    <ClCompile Include="src\framework\GameObject.cpp">
      <Filter>framework</Filter>
    </ClCompile>
    <ClCompile Include="src\framework\Graphics.cpp">
      <Filter>framework</Filter>
    </ClCompile>
    <ClCompile Include="src\framework\GridRenderer.cpp">
      <Filter>framework</Filter>
    </ClCompile>
    <ClCompile Include="src\framework\Input.cpp">
      <Filter>framework</Filter>
    </ClCompile>
    <ClCompile Include="src\framework\Mesh.cpp">
      <Filter>framework</Filter>
    </ClCompile>
    <ClCompile Include="src\framework\MeshTypes.cpp">
      <Filter>framework</Filter>
    </ClCompile>
    <ClCompile Include="src\framework\Model.cpp">
      <Filter>framework</Filter>
    </ClCompile>
    <ClCompile Include="src\framework\ModelManager.cpp">
      <Filter>framework</Filter>
    </ClCompile>
    <ClCompile Include="src\framework\ModelMesh.cpp">
      <Filter>framework</Filter>
    </ClCompile>
    <ClCompile Include="src\framework\ModelRenderer.cpp">
      <Filter>framework</Filter>
    </ClCompile>
    <ClCompile Include="src\framework\Particle.cpp">
      <Filter>framework</Filter>
    </ClCompile>
    <ClCompile Include="src\framework\ParticleBase.cpp">
      <Filter>framework</Filter>
    </ClCompile>
    <ClCompile Include="src\framework\ParticleBezier.cpp">
      <Filter>framework</Filter>
    </ClCompile>
    <ClCompile Include="src\framework\ParticleBox.cpp">
      <Filter>framework</Filter>
    </ClCompile>
    <ClCompile Include="src\framework\ParticleEmitter..cpp">
      <Filter>framework</Filter>
    </ClCompile>
    <ClCompile Include="src\framework\ParticleRenderer.cpp">
      <Filter>framework</Filter>
    </ClCompile>
    <ClCompile Include="src\framework\Renderer.cpp">
      <Filter>framework</Filter>
    </ClCompile>
    <ClCompile Include="src\framework\Scene.cpp">
      <Filter>framework</Filter>
    </ClCompile>
    <ClCompile Include="src\framework\ShaderManager.cpp">
      <Filter>framework</Filter>
    </ClCompile>
    <ClCompile Include="src\framework\Skeleton.cpp">
      <Filter>framework</Filter>
    </ClCompile>
    <ClCompile Include="src\framework\SpriteRenderer.cpp">
      <Filter>framework</Filter>
    </ClCompile>
    <ClCompile Include="src\framework\SystemTimer.cpp">
      <Filter>framework</Filter>
    </ClCompile>
    <ClCompile Include="src\framework\SystemWindow.cpp">
      <Filter>framework</Filter>
    </ClCompile>
    <ClCompile Include="src\framework\TextRenderer.cpp">
      <Filter>framework</Filter>
    </ClCompile>
    <ClCompile Include="src\framework\Texture.cpp">
      <Filter>framework</Filter>
    </ClCompile>
    <ClCompile Include="src\framework\TextureManager.cpp">
      <Filter>framework</Filter>
    </ClCompile>
    <ClCompile Include="src\framework\Timer.cpp">
      <Filter>framework</Filter>
    </ClCompile>
    <ClCompile Include="src\framework\Transform.cpp">
      <Filter>framework</Filter>
    </ClCompile>
    <ClCompile Include="src\framework\Transition.cpp">
      <Filter>framework</Filter>
    </ClCompile>
    <ClCompile Include="src\framework\UICanvas.cpp">
      <Filter>framework</Filter>
    </ClCompile>
    <ClCompile Include="src\external\include\ImGui\imgui.cpp">
      <Filter>external\ImGui</Filter>
    </ClCompile>
    <ClCompile Include="src\external\include\ImGui\imgui_demo.cpp">
      <Filter>external\ImGui</Filter>
    </ClCompile>
    <ClCompile Include="src\external\include\ImGui\imgui_draw.cpp">
      <Filter>external\ImGui</Filter>
    </ClCompile>
    <ClCompile Include="src\external\include\ImGui\imgui_impl_dx11.cpp">
      <Filter>external\ImGui</Filter>
    </ClCompile>
    <ClCompile Include="src\external\include\ImGui\imgui_impl_win32.cpp">
      <Filter>external\ImGui</Filter>
    </ClCompile>
    <ClCompile Include="src\external\include\ImGui\imgui_tables.cpp">
      <Filter>external\ImGui</Filter>
    </ClCompile>
    <ClCompile Include="src\external\include\ImGui\imgui_widgets.cpp">
      <Filter>external\ImGui</Filter>
    </ClCompile>
    <ClCompile Include="src\external\include\stb_vorbis\stb_vorbis.c">
      <Filter>external\stb_vorbis</Filter>
    </ClCompile>
    <ClCompile Include="src\objects\BackGroundTexture.cpp">
      <Filter>objects</Filter>
    </ClCompile>
    <ClCompile Include="src\objects\Bullet.cpp">
      <Filter>objects</Filter>
    </ClCompile>
    <ClCompile Include="src\objects\Enemy.cpp">
      <Filter>objects</Filter>
    </ClCompile>
    <ClCompile Include="src\objects\EnemyBullet.cpp">
      <Filter>objects</Filter>
    </ClCompile>
    <ClCompile Include="src\objects\GameCamera.cpp">
      <Filter>objects</Filter>
    </ClCompile>
    <ClCompile Include="src\objects\GameManager.cpp">
      <Filter>objects</Filter>
    </ClCompile>
    <ClCompile Include="src\objects\GameTitle.cpp">
      <Filter>objects</Filter>
    </ClCompile>
    <ClCompile Include="src\objects\Grid.cpp">
      <Filter>objects</Filter>
    </ClCompile>
    <ClCompile Include="src\objects\HUDEnemyCount.cpp">
      <Filter>objects</Filter>
    </ClCompile>
    <ClCompile Include="src\objects\HUDGuide.cpp">
      <Filter>objects</Filter>
    </ClCompile>
    <ClCompile Include="src\objects\HUDLife.cpp">
      <Filter>objects</Filter>
    </ClCompile>
    <ClCompile Include="src\objects\HUDScore.cpp">
      <Filter>objects</Filter>
    </ClCompile>
    <ClCompile Include="src\objects\HUDWave.cpp">
      <Filter>objects</Filter>
    </ClCompile>
    <ClCompile Include="src\objects\Player.cpp">
      <Filter>objects</Filter>
    </ClCompile>
    <ClCompile Include="src\objects\ResultManager.cpp">
      <Filter>objects</Filter>
    </ClCompile>
    <ClCompile Include="src\objects\ResultMenu.cpp">
      <Filter>objects</Filter>
    </ClCompile>
    <ClCompile Include="src\objects\ResultScore.cpp">
      <Filter>objects</Filter>
    </ClCompile>
    <ClCompile Include="src\objects\ResultText.cpp">
      <Filter>objects</Filter>
    </ClCompile>
    <ClCompile Include="src\objects\ScreenFilter.cpp">
      <Filter>objects</Filter>
    </ClCompile>
    <ClCompile Include="src\objects\Sky.cpp">
      <Filter>objects</Filter>
    </ClCompile>
    <ClCompile Include="src\objects\TitleManager.cpp">
      <Filter>objects</Filter>
    </ClCompile>
    <ClCompile Include="src\objects\TitleMenu.cpp">
      <Filter>objects</Filter>
    </ClCompile>
    <ClCompile Include="src\scenes\Game.cpp">
      <Filter>scenes</Filter>
    </ClCompile>
    <ClCompile Include="src\scenes\Result.cpp">
      <Filter>scenes</Filter>
    </ClCompile>
    <ClCompile Include="src\scenes\Title.cpp">
      <Filter>scenes</Filter>
    </ClCompile>
    <ClCompile Include="src\setting\AppSetup.cpp">
      <Filter>setting</Filter>
    </ClCompile>
    <ClCompile Include="src\setting\Main.cpp">
      <Filter>setting</Filter>
    </ClCompile>
    <ClCompile Include="src\framework\AssimpLoader.cpp">
      <Filter>framework</Filter>
    </ClCompile>
    <ClCompile Include="src\framework\CSVHandler.cpp">
      <Filter>framework</Filter>
    </ClCompile>
    <ClCompile Include="src\framework\FontLoader.cpp">
      <Filter>framework</Filter>
    </ClCompile>
  </ItemGroup>
  <ItemGroup>
    <ClInclude Include="src\framework\UIRenderer.h">
      <Filter>framework</Filter>
    </ClInclude>
    <ClInclude Include="src\framework\UIStyle.h">
      <Filter>framework</Filter>
    </ClInclude>
    <ClInclude Include="src\framework\Utility.h">
      <Filter>framework</Filter>
    </ClInclude>
    <ClInclude Include="src\framework\Vector2.h">
      <Filter>framework</Filter>
    </ClInclude>
    <ClInclude Include="src\framework\Vector3.h">
      <Filter>framework</Filter>
    </ClInclude>
    <ClInclude Include="src\framework\WICTextureLoader11.h">
      <Filter>framework</Filter>
    </ClInclude>
    <ClInclude Include="src\framework\Animation.h">
      <Filter>framework</Filter>
    </ClInclude>
    <ClInclude Include="src\framework\AnimationManager.h">
      <Filter>framework</Filter>
    </ClInclude>
    <ClInclude Include="src\framework\Animator.h">
      <Filter>framework</Filter>
    </ClInclude>
    <ClInclude Include="src\framework\Application.h">
      <Filter>framework</Filter>
    </ClInclude>
    <ClInclude Include="src\framework\AppLoop.h">
      <Filter>framework</Filter>
    </ClInclude>
    <ClInclude Include="src\framework\Audio.h">
      <Filter>framework</Filter>
    </ClInclude>
    <ClInclude Include="src\framework\AudioManager.h">
      <Filter>framework</Filter>
    </ClInclude>
    <ClInclude Include="src\framework\AudioPlayer.h">
      <Filter>framework</Filter>
    </ClInclude>
    <ClInclude Include="src\framework\BezierCurve.h">
      <Filter>framework</Filter>
    </ClInclude>
    <ClInclude Include="src\framework\BillboardRenderer.h">
      <Filter>framework</Filter>
    </ClInclude>
    <ClInclude Include="src\framework\BoneTransform.h">
      <Filter>framework</Filter>
    </ClInclude>
    <ClInclude Include="src\framework\BufferManager.h">
      <Filter>framework</Filter>
    </ClInclude>
    <ClInclude Include="src\framework\Camera.h">
      <Filter>framework</Filter>
    </ClInclude>
    <ClInclude Include="src\framework\Component.h">
      <Filter>framework</Filter>
    </ClInclude>
    <ClInclude Include="src\framework\Config.h">
      <Filter>framework</Filter>
    </ClInclude>
    <ClInclude Include="src\framework\D3D11Config.h">
      <Filter>framework</Filter>
    </ClInclude>
    <ClInclude Include="src\framework\DebugMemoryleak.h">
      <Filter>framework</Filter>
    </ClInclude>
    <ClInclude Include="src\framework\DeviceManager.h">
      <Filter>framework</Filter>
    </ClInclude>
    <ClInclude Include="src\framework\Easing.h">
      <Filter>framework</Filter>
    </ClInclude>
    <ClInclude Include="src\framework\Elements.h">
      <Filter>framework</Filter>
    </ClInclude>
    <ClInclude Include="src\framework\FontManager.h">
      <Filter>framework</Filter>
    </ClInclude>
    <ClInclude Include="src\framework\GameObject.h">
      <Filter>framework</Filter>
    </ClInclude>
    <ClInclude Include="src\framework\Graphics.h">
      <Filter>framework</Filter>
    </ClInclude>
    <ClInclude Include="src\framework\GridRenderer.h">
      <Filter>framework</Filter>
    </ClInclude>
    <ClInclude Include="src\framework\Input.h">
      <Filter>framework</Filter>
    </ClInclude>
    <ClInclude Include="src\framework\Mesh.h">
      <Filter>framework</Filter>
    </ClInclude>
    <ClInclude Include="src\framework\MeshTypes.h">
      <Filter>framework</Filter>
    </ClInclude>
    <ClInclude Include="src\framework\Model.h">
      <Filter>framework</Filter>
    </ClInclude>
    <ClInclude Include="src\framework\ModelManager.h">
      <Filter>framework</Filter>
    </ClInclude>
    <ClInclude Include="src\framework\ModelMesh.h">
      <Filter>framework</Filter>
    </ClInclude>
    <ClInclude Include="src\framework\ModelRenderer.h">
      <Filter>framework</Filter>
    </ClInclude>
    <ClInclude Include="src\framework\Particle.h">
      <Filter>framework</Filter>
    </ClInclude>
    <ClInclude Include="src\framework\ParticleBase.h">
      <Filter>framework</Filter>
    </ClInclude>
    <ClInclude Include="src\framework\ParticleBezier.h">
      <Filter>framework</Filter>
    </ClInclude>
    <ClInclude Include="src\framework\ParticleBox.h">
      <Filter>framework</Filter>
    </ClInclude>
    <ClInclude Include="src\framework\ParticleEmitter.h">
      <Filter>framework</Filter>
    </ClInclude>
    <ClInclude Include="src\framework\ParticleRenderer.h">
      <Filter>framework</Filter>
    </ClInclude>
    <ClInclude Include="src\framework\Quaternion.h">
      <Filter>framework</Filter>
    </ClInclude>
    <ClInclude Include="src\framework\Renderer.h">
      <Filter>framework</Filter>
    </ClInclude>
    <ClInclude Include="src\framework\Scene.h">
      <Filter>framework</Filter>
    </ClInclude>
    <ClInclude Include="src\framework\Shader.h">
      <Filter>framework</Filter>
    </ClInclude>
    <ClInclude Include="src\framework\ShaderManager.h">
      <Filter>framework</Filter>
    </ClInclude>
    <ClInclude Include="src\framework\Skeleton.h">
      <Filter>framework</Filter>
    </ClInclude>
    <ClInclude Include="src\framework\SpriteRenderer.h">
      <Filter>framework</Filter>
    </ClInclude>
    <ClInclude Include="src\framework\SystemTimer.h">
      <Filter>framework</Filter>
    </ClInclude>
    <ClInclude Include="src\framework\SystemWindow.h">
      <Filter>framework</Filter>
    </ClInclude>
    <ClInclude Include="src\framework\TextRenderer.h">
      <Filter>framework</Filter>
    </ClInclude>
    <ClInclude Include="src\framework\Texture.h">
      <Filter>framework</Filter>
    </ClInclude>
    <ClInclude Include="src\framework\TextureManager.h">
      <Filter>framework</Filter>
    </ClInclude>
    <ClInclude Include="src\framework\Timer.h">
      <Filter>framework</Filter>
    </ClInclude>
    <ClInclude Include="src\framework\Transform.h">
      <Filter>framework</Filter>
    </ClInclude>
    <ClInclude Include="src\framework\Transition.h">
      <Filter>framework</Filter>
    </ClInclude>
    <ClInclude Include="src\framework\UICanvas.h">
      <Filter>framework</Filter>
    </ClInclude>
    <ClInclude Include="src\external\include\ImGui\imconfig.h">
      <Filter>external\ImGui</Filter>
    </ClInclude>
    <ClInclude Include="src\external\include\ImGui\imgui.h">
      <Filter>external\ImGui</Filter>
    </ClInclude>
    <ClInclude Include="src\external\include\ImGui\imgui_impl_dx11.h">
      <Filter>external\ImGui</Filter>
    </ClInclude>
    <ClInclude Include="src\external\include\ImGui\imgui_impl_win32.h">
      <Filter>external\ImGui</Filter>
    </ClInclude>
    <ClInclude Include="src\external\include\ImGui\imgui_internal.h">
      <Filter>external\ImGui</Filter>
    </ClInclude>
    <ClInclude Include="src\external\include\ImGui\imstb_rectpack.h">
      <Filter>external\ImGui</Filter>
    </ClInclude>
    <ClInclude Include="src\external\include\ImGui\imstb_textedit.h">
      <Filter>external\ImGui</Filter>
    </ClInclude>
    <ClInclude Include="src\external\include\ImGui\imstb_truetype.h">
      <Filter>external\ImGui</Filter>
    </ClInclude>
    <ClInclude Include="src\external\include\minimp3\minimp3.h">
      <Filter>external\minimp3</Filter>
    </ClInclude>
    <ClInclude Include="src\external\include\minimp3\minimp3_ex.h">
      <Filter>external\minimp3</Filter>
    </ClInclude>
    <ClInclude Include="src\objects\BackGroundTexture.h">
      <Filter>objects</Filter>
    </ClInclude>
    <ClInclude Include="src\objects\Bullet.h">
      <Filter>objects</Filter>
    </ClInclude>
    <ClInclude Include="src\objects\Enemy.h">
      <Filter>objects</Filter>
    </ClInclude>
    <ClInclude Include="src\objects\EnemyBullet.h">
      <Filter>objects</Filter>
    </ClInclude>
    <ClInclude Include="src\objects\GameCamera.h">
      <Filter>objects</Filter>
    </ClInclude>
    <ClInclude Include="src\objects\GameManager.h">
      <Filter>objects</Filter>
    </ClInclude>
    <ClInclude Include="src\objects\GameTitle.h">
      <Filter>objects</Filter>
    </ClInclude>
    <ClInclude Include="src\objects\Grid.h">
      <Filter>objects</Filter>
    </ClInclude>
    <ClInclude Include="src\objects\HUDEnemyCount.h">
      <Filter>objects</Filter>
    </ClInclude>
    <ClInclude Include="src\objects\HUDGuide.h">
      <Filter>objects</Filter>
    </ClInclude>
    <ClInclude Include="src\objects\HUDLife.h">
      <Filter>objects</Filter>
    </ClInclude>
    <ClInclude Include="src\objects\HUDScore.h">
      <Filter>objects</Filter>
    </ClInclude>
    <ClInclude Include="src\objects\HUDWave.h">
      <Filter>objects</Filter>
    </ClInclude>
    <ClInclude Include="src\objects\Player.h">
      <Filter>objects</Filter>
    </ClInclude>
    <ClInclude Include="src\objects\ResultManager.h">
      <Filter>objects</Filter>
    </ClInclude>
    <ClInclude Include="src\objects\ResultMenu.h">
      <Filter>objects</Filter>
    </ClInclude>
    <ClInclude Include="src\objects\ResultScore.h">
      <Filter>objects</Filter>
    </ClInclude>
    <ClInclude Include="src\objects\ResultText.h">
      <Filter>objects</Filter>
    </ClInclude>
    <ClInclude Include="src\objects\ScreenFilter.h">
      <Filter>objects</Filter>
    </ClInclude>
    <ClInclude Include="src\objects\Sky.h">
      <Filter>objects</Filter>
    </ClInclude>
    <ClInclude Include="src\objects\TitleManager.h">
      <Filter>objects</Filter>
    </ClInclude>
    <ClInclude Include="src\objects\TitleMenu.h">
      <Filter>objects</Filter>
    </ClInclude>
    <ClInclude Include="src\scenes\Game.h">
      <Filter>scenes</Filter>
    </ClInclude>
    <ClInclude Include="src\scenes\Result.h">
      <Filter>scenes</Filter>
    </ClInclude>
    <ClInclude Include="src\scenes\Title.h">
      <Filter>scenes</Filter>
    </ClInclude>
    <ClInclude Include="src\setting\AppSetup.h">
      <Filter>setting</Filter>
    </ClInclude>
    <ClInclude Include="src\framework\AssimpLoader.h">
      <Filter>framework</Filter>
    </ClInclude>
    <ClInclude Include="src\framework\CSVHandler.h">
      <Filter>framework</Filter>
    </ClInclude>
    <ClInclude Include="src\framework\FontLoader.h">
      <Filter>framework</Filter>
    </ClInclude>
  </ItemGroup>
  <ItemGroup>
    <FxCompile Include="src\hlsl\Common.hlsl">
      <Filter>hlsl</Filter>
    </FxCompile>
    <FxCompile Include="src\hlsl\CookTranceSub.hlsl">
      <Filter>hlsl</Filter>
    </FxCompile>
    <FxCompile Include="src\hlsl\FontPS.hlsl">
      <Filter>hlsl</Filter>
    </FxCompile>
    <FxCompile Include="src\hlsl\PBRPS.hlsl">
      <Filter>hlsl</Filter>
    </FxCompile>
    <FxCompile Include="src\hlsl\PhongVS.hlsl">
      <Filter>hlsl</Filter>
    </FxCompile>
    <FxCompile Include="src\hlsl\UISpriteVS.hlsl">
      <Filter>hlsl</Filter>
    </FxCompile>
    <FxCompile Include="src\hlsl\UnlitPS.hlsl">
      <Filter>hlsl</Filter>
    </FxCompile>
    <FxCompile Include="src\hlsl\UnlitVS.hlsl">
      <Filter>hlsl</Filter>
    </FxCompile>
  </ItemGroup>
</Project>