<?xml version="1.0" encoding="utf-8"?>
<Project ToolsVersion="4.0" xmlns="http://schemas.microsoft.com/developer/msbuild/2003">
  <ItemGroup>
    <Filter Include="hlsl">
      <UniqueIdentifier>{c7503895-1a9b-44b4-8d3c-e0083d02ad87}</UniqueIdentifier>
    </Filter>
    <Filter Include="objects">
      <UniqueIdentifier>{bf9691fd-5231-4f52-8b33-63030b760fe4}</UniqueIdentifier>
    </Filter>
    <Filter Include="scenes">
      <UniqueIdentifier>{80076b80-92b7-4ff3-a230-aab91c5eb647}</UniqueIdentifier>
    </Filter>
    <Filter Include="setting">
      <UniqueIdentifier>{4d3b8093-57d3-4638-b30f-f4e9f130a52a}</UniqueIdentifier>
    </Filter>
  </ItemGroup>
  <ItemGroup>
    <ClCompile Include="src\objects\BackGroundTexture.cpp">
      <Filter>objects</Filter>
    </ClCompile>
    <ClCompile Include="src\objects\Bullet.cpp">
      <Filter>objects</Filter>
    </ClCompile>
    <ClCompile Include="src\objects\Enemy.cpp">
      <Filter>objects</Filter>
    </ClCompile>
    <ClCompile Include="src\objects\EnemyBullet.cpp">
      <Filter>objects</Filter>
    </ClCompile>
    <ClCompile Include="src\objects\GameCamera.cpp">
      <Filter>objects</Filter>
    </ClCompile>
    <ClCompile Include="src\objects\GameManager.cpp">
      <Filter>objects</Filter>
    </ClCompile>
    <ClCompile Include="src\objects\GameTitle.cpp">
      <Filter>objects</Filter>
    </ClCompile>
    <ClCompile Include="src\objects\Grid.cpp">
      <Filter>objects</Filter>
    </ClCompile>
    <ClCompile Include="src\objects\HUDEnemyCount.cpp">
      <Filter>objects</Filter>
    </ClCompile>
    <ClCompile Include="src\objects\HUDGuide.cpp">
      <Filter>objects</Filter>
    </ClCompile>
    <ClCompile Include="src\objects\HUDLife.cpp">
      <Filter>objects</Filter>
    </ClCompile>
    <ClCompile Include="src\objects\HUDScore.cpp">
      <Filter>objects</Filter>
    </ClCompile>
    <ClCompile Include="src\objects\HUDWave.cpp">
      <Filter>objects</Filter>
    </ClCompile>
    <ClCompile Include="src\objects\Player.cpp">
      <Filter>objects</Filter>
    </ClCompile>
    <ClCompile Include="src\objects\ResultManager.cpp">
      <Filter>objects</Filter>
    </ClCompile>
    <ClCompile Include="src\objects\ResultMenu.cpp">
      <Filter>objects</Filter>
    </ClCompile>
    <ClCompile Include="src\objects\ResultScore.cpp">
      <Filter>objects</Filter>
    </ClCompile>
    <ClCompile Include="src\objects\ResultText.cpp">
      <Filter>objects</Filter>
    </ClCompile>
    <ClCompile Include="src\objects\ScreenFilter.cpp">
      <Filter>objects</Filter>
    </ClCompile>
    <ClCompile Include="src\objects\Sky.cpp">
      <Filter>objects</Filter>
    </ClCompile>
    <ClCompile Include="src\objects\TitleManager.cpp">
      <Filter>objects</Filter>
    </ClCompile>
    <ClCompile Include="src\objects\TitleMenu.cpp">
      <Filter>objects</Filter>
    </ClCompile>
    <ClCompile Include="src\scenes\Game.cpp">
      <Filter>scenes</Filter>
    </ClCompile>
    <ClCompile Include="src\scenes\Result.cpp">
      <Filter>scenes</Filter>
    </ClCompile>
    <ClCompile Include="src\scenes\Title.cpp">
      <Filter>scenes</Filter>
    </ClCompile>
    <ClCompile Include="src\setting\AppSetup.cpp">
      <Filter>setting</Filter>
    </ClCompile>
    <ClCompile Include="src\setting\Main.cpp">
      <Filter>setting</Filter>
    </ClCompile>
  </ItemGroup>
  <ItemGroup>
    <ClInclude Include="src\objects\BackGroundTexture.h">
      <Filter>objects</Filter>
    </ClInclude>
    <ClInclude Include="src\objects\Bullet.h">
      <Filter>objects</Filter>
    </ClInclude>
    <ClInclude Include="src\objects\Enemy.h">
      <Filter>objects</Filter>
    </ClInclude>
    <ClInclude Include="src\objects\EnemyBullet.h">
      <Filter>objects</Filter>
    </ClInclude>
    <ClInclude Include="src\objects\GameCamera.h">
      <Filter>objects</Filter>
    </ClInclude>
    <ClInclude Include="src\objects\GameManager.h">
      <Filter>objects</Filter>
    </ClInclude>
    <ClInclude Include="src\objects\GameTitle.h">
      <Filter>objects</Filter>
    </ClInclude>
    <ClInclude Include="src\objects\Grid.h">
      <Filter>objects</Filter>
    </ClInclude>
    <ClInclude Include="src\objects\HUDEnemyCount.h">
      <Filter>objects</Filter>
    </ClInclude>
    <ClInclude Include="src\objects\HUDGuide.h">
      <Filter>objects</Filter>
    </ClInclude>
    <ClInclude Include="src\objects\HUDLife.h">
      <Filter>objects</Filter>
    </ClInclude>
    <ClInclude Include="src\objects\HUDScore.h">
      <Filter>objects</Filter>
    </ClInclude>
    <ClInclude Include="src\objects\HUDWave.h">
      <Filter>objects</Filter>
    </ClInclude>
    <ClInclude Include="src\objects\Player.h">
      <Filter>objects</Filter>
    </ClInclude>
    <ClInclude Include="src\objects\ResultManager.h">
      <Filter>objects</Filter>
    </ClInclude>
    <ClInclude Include="src\objects\ResultMenu.h">
      <Filter>objects</Filter>
    </ClInclude>
    <ClInclude Include="src\objects\ResultScore.h">
      <Filter>objects</Filter>
    </ClInclude>
    <ClInclude Include="src\objects\ResultText.h">
      <Filter>objects</Filter>
    </ClInclude>
    <ClInclude Include="src\objects\ScreenFilter.h">
      <Filter>objects</Filter>
    </ClInclude>
    <ClInclude Include="src\objects\Sky.h">
      <Filter>objects</Filter>
    </ClInclude>
    <ClInclude Include="src\objects\TitleManager.h">
      <Filter>objects</Filter>
    </ClInclude>
    <ClInclude Include="src\objects\TitleMenu.h">
      <Filter>objects</Filter>
    </ClInclude>
    <ClInclude Include="src\scenes\Game.h">
      <Filter>scenes</Filter>
    </ClInclude>
    <ClInclude Include="src\scenes\Result.h">
      <Filter>scenes</Filter>
    </ClInclude>
    <ClInclude Include="src\scenes\Title.h">
      <Filter>scenes</Filter>
    </ClInclude>
    <ClInclude Include="src\setting\AppSetup.h">
      <Filter>setting</Filter>
    </ClInclude>
  </ItemGroup>
  <ItemGroup>
    <FxCompile Include="src\hlsl\Common.hlsl">
      <Filter>hlsl</Filter>
    </FxCompile>
    <FxCompile Include="src\hlsl\CookTranceSub.hlsl">
      <Filter>hlsl</Filter>
    </FxCompile>
    <FxCompile Include="src\hlsl\FontPS.hlsl">
      <Filter>hlsl</Filter>
    </FxCompile>
    <FxCompile Include="src\hlsl\PBRPS.hlsl">
      <Filter>hlsl</Filter>
    </FxCompile>
    <FxCompile Include="src\hlsl\PhongVS.hlsl">
      <Filter>hlsl</Filter>
    </FxCompile>
    <FxCompile Include="src\hlsl\UISpriteVS.hlsl">
      <Filter>hlsl</Filter>
    </FxCompile>
    <FxCompile Include="src\hlsl\UnlitPS.hlsl">
      <Filter>hlsl</Filter>
    </FxCompile>
    <FxCompile Include="src\hlsl\UnlitVS.hlsl">
      <Filter>hlsl</Filter>
    </FxCompile>
  </ItemGroup>
</Project>